
Microsoft Visual Studio Solution File, Format Version 12.00
# Visual Studio Version 16
VisualStudioVersion = 16.6.30114.105
MinimumVisualStudioVersion = 10.0.40219.1
Project("{FAE04EC0-301F-11D3-BF4B-00C04F79EFBC}") = "algorithms-merge-sort", "algorithms-merge-sort\algorithms-merge-sort.csproj", "{DB40A107-748C-4346-B16A-A9B132B9891E}"
EndProject
Project("{FAE04EC0-301F-11D3-BF4B-00C04F79EFBC}") = "algorithms-merge-sort-tests", "algorithms-merge-sort-tests\algorithms-merge-sort-tests.csproj", "{C4A840B8-97DF-4749-A6E4-FB9A90E058E1}"
EndProject
Global
	GlobalSection(SolutionConfigurationPlatforms) = preSolution
		Debug|Any CPU = Debug|Any CPU
		Debug|x64 = Debug|x64
		Debug|x86 = Debug|x86
		Release|Any CPU = Release|Any CPU
		Release|x64 = Release|x64
		Release|x86 = Release|x86
	EndGlobalSection
	GlobalSection(SolutionProperties) = preSolution
		HideSolutionNode = FALSE
	EndGlobalSection
	GlobalSection(ProjectConfigurationPlatforms) = postSolution
		{DB40A107-748C-4346-B16A-A9B132B9891E}.Debug|Any CPU.ActiveCfg = Debug|Any CPU
		{DB40A107-748C-4346-B16A-A9B132B9891E}.Debug|Any CPU.Build.0 = Debug|Any CPU
		{DB40A107-748C-4346-B16A-A9B132B9891E}.Debug|x64.ActiveCfg = Debug|Any CPU
		{DB40A107-748C-4346-B16A-A9B132B9891E}.Debug|x64.Build.0 = Debug|Any CPU
		{DB40A107-748C-4346-B16A-A9B132B9891E}.Debug|x86.ActiveCfg = Debug|Any CPU
		{DB40A107-748C-4346-B16A-A9B132B9891E}.Debug|x86.Build.0 = Debug|Any CPU
		{DB40A107-748C-4346-B16A-A9B132B9891E}.Release|Any CPU.ActiveCfg = Release|Any CPU
		{DB40A107-748C-4346-B16A-A9B132B9891E}.Release|Any CPU.Build.0 = Release|Any CPU
		{DB40A107-748C-4346-B16A-A9B132B9891E}.Release|x64.ActiveCfg = Release|Any CPU
		{DB40A107-748C-4346-B16A-A9B132B9891E}.Release|x64.Build.0 = Release|Any CPU
		{DB40A107-748C-4346-B16A-A9B132B9891E}.Release|x86.ActiveCfg = Release|Any CPU
		{DB40A107-748C-4346-B16A-A9B132B9891E}.Release|x86.Build.0 = Release|Any CPU
		{C4A840B8-97DF-4749-A6E4-FB9A90E058E1}.Debug|Any CPU.ActiveCfg = Debug|Any CPU
		{C4A840B8-97DF-4749-A6E4-FB9A90E058E1}.Debug|Any CPU.Build.0 = Debug|Any CPU
		{C4A840B8-97DF-4749-A6E4-FB9A90E058E1}.Debug|x64.ActiveCfg = Debug|Any CPU
		{C4A840B8-97DF-4749-A6E4-FB9A90E058E1}.Debug|x64.Build.0 = Debug|Any CPU
		{C4A840B8-97DF-4749-A6E4-FB9A90E058E1}.Debug|x86.ActiveCfg = Debug|Any CPU
		{C4A840B8-97DF-4749-A6E4-FB9A90E058E1}.Debug|x86.Build.0 = Debug|Any CPU
		{C4A840B8-97DF-4749-A6E4-FB9A90E058E1}.Release|Any CPU.ActiveCfg = Release|Any CPU
		{C4A840B8-97DF-4749-A6E4-FB9A90E058E1}.Release|Any CPU.Build.0 = Release|Any CPU
		{C4A840B8-97DF-4749-A6E4-FB9A90E058E1}.Release|x64.ActiveCfg = Release|Any CPU
		{C4A840B8-97DF-4749-A6E4-FB9A90E058E1}.Release|x64.Build.0 = Release|Any CPU
		{C4A840B8-97DF-4749-A6E4-FB9A90E058E1}.Release|x86.ActiveCfg = Release|Any CPU
		{C4A840B8-97DF-4749-A6E4-FB9A90E058E1}.Release|x86.Build.0 = Release|Any CPU
	EndGlobalSection
EndGlobal
